{
  "name": "@tasktracker/cloudflare-mcp",
  "version": "1.0.0",
  "lockfileVersion": 3,
  "requires": true,
  "packages": {
    "": {
      "name": "@tasktracker/cloudflare-mcp",
      "version": "1.0.0",
      "dependencies": {
        "@cfworker/json-schema": "^4.1.1",
        "@modelcontextprotocol/server": "latest",
        "dotenv": "^16.4.0",
        "zod": "^4.3.6"
      }
    },
    "node_modules/@cfworker/json-schema": {
      "version": "4.1.1",
      "resolved": "https://registry.npmjs.org/@cfworker/json-schema/-/json-schema-4.1.1.tgz",
      "integrity": "sha512-gAmrUZSGtKc3AiBL71iNWxDsyUC5uMaKKGdvzYsBoTW/xi42JQHl7eKV2OYzCUqvc+D2RCcf7EXY2iCyFIk6og==",
      "license": "MIT"
    },
    "node_modules/@modelcontextprotocol/server": {
      "version": "2.0.0-alpha.2",
      "resolved": "https://registry.npmjs.org/@modelcontextprotocol/server/-/server-2.0.0-alpha.2.tgz",
      "integrity": "sha512-gmLgdHzlYM8L7Aw/+VE0kxjT25WKamtUSLNhdOgrJq5CrESvqVSoAfWSJJeNPUXNTluQ+dYDGFbKVitdsJtbPA==",
      "license": "MIT",
      "dependencies": {
        "zod": "^4.0"
      },
      "engines": {
        "node": ">=20"
      },
      "peerDependencies": {
        "@cfworker/json-schema": "^4.1.1"
      },
      "peerDependenciesMeta": {
        "@cfworker/json-schema": {
          "optional": true
        }
      }
    },
    "node_modules/dotenv": {
      "version": "16.6.1",
      "resolved": "https://registry.npmjs.org/dotenv/-/dotenv-16.6.1.tgz",
      "integrity": "sha512-uBq4egWHTcTt33a72vpSG0z3HnPuIl6NqYcTrKEg2azoEyl2hpW0zqlxysq2pK9HlDIHyHyakeYaYnSAwd8bow==",
      "license": "BSD-2-Clause",
      "engines": {
        "node": ">=12"
      },
      "funding": {
        "url": "https://dotenvx.com"
      }
    },
    "node_modules/zod": {
      "version": "4.3.6",
      "resolved": "https://registry.npmjs.org/zod/-/zod-4.3.6.tgz",
      "integrity": "sha512-rftlrkhHZOcjDwkGlnUtZZkvaPHCsDATp4pGpuOOMDaTdDDXF91wuVDJoWoPsKX/3YPQ5fHuF3STjcYyKr+Qhg==",
      "license": "MIT",
      "funding": {
        "url": "https://github.com/sponsors/colinhacks"
      }
    }
  }
}
